// !$*UTF8*$!
{
    archiveVersion = 1;
    classes = {
    };
    objectVersion = 46;
    objects = {

/* Begin PBXAggregateTarget section */
		B6D351FEB6D3724A00000006 /* comp */ = {
			isa = PBXAggregateTarget;
			buildConfigurationList = B6D351FEB6D3724A00000005 /* Build configuration list for PBXAggregateTarget "comp" */;
			buildPhases = (
				B6D351FEB6D3724A00000007,
			);
			dependencies = (
				B6D351FEB6D3724A00000008 /* PBXTargetDependency Prep */,
			);
			name = comp;
			productName = comp;
		};
		B6D351FEB6D3724A0000000A /* all.min.css */ = {
			isa = PBXAggregateTarget;
			buildConfigurationList = B6D351FEB6D3724A00000009 /* Build configuration list for PBXAggregateTarget "all.min.css" */;
			buildPhases = (
				B6D351FEB6D3724A0000000B,
			);
			dependencies = (
				B6D351FEB6D3724A0000000C /* PBXTargetDependency Prep */,
			);
			name = all.min.css;
			productName = all.min.css;
		};
		B6D351FEB6D3724A0000000E /* all.min.css.gz */ = {
			isa = PBXAggregateTarget;
			buildConfigurationList = B6D351FEB6D3724A0000000D /* Build configuration list for PBXAggregateTarget "all.min.css.gz" */;
			buildPhases = (
				B6D351FEB6D3724A0000000F,
			);
			dependencies = (
				B6D351FEB6D3724A00000010 /* PBXTargetDependency all.min.css */,
				B6D351FEB6D3724A00000011 /* PBXTargetDependency Prep */,
			);
			name = all.min.css.gz;
			productName = all.min.css.gz;
		};
		B6D351FEB6D3724A00000013 /* min.html */ = {
			isa = PBXAggregateTarget;
			buildConfigurationList = B6D351FEB6D3724A00000012 /* Build configuration list for PBXAggregateTarget "min.html" */;
			buildPhases = (
				B6D351FEB6D3724A00000014,
			);
			dependencies = (
				B6D351FEB6D3724A00000015 /* PBXTargetDependency Prep */,
			);
			name = min.html;
			productName = min.html;
		};
		B6D351FEB6D3724A00000017 /* html.js */ = {
			isa = PBXAggregateTarget;
			buildConfigurationList = B6D351FEB6D3724A00000016 /* Build configuration list for PBXAggregateTarget "html.js" */;
			buildPhases = (
				B6D351FEB6D3724A00000018,
			);
			dependencies = (
				B6D351FEB6D3724A00000019 /* PBXTargetDependency min.html */,
				B6D351FEB6D3724A0000001A /* PBXTargetDependency Prep */,
			);
			name = html.js;
			productName = html.js;
		};
		B6D351FEB6D3724A0000001C /* min.js */ = {
			isa = PBXAggregateTarget;
			buildConfigurationList = B6D351FEB6D3724A0000001B /* Build configuration list for PBXAggregateTarget "min.js" */;
			buildPhases = (
				B6D351FEB6D3724A0000001D,
			);
			dependencies = (
				B6D351FEB6D3724A0000001E /* PBXTargetDependency html.js */,
				B6D351FEB6D3724A0000001F /* PBXTargetDependency Prep */,
			);
			name = min.js;
			productName = min.js;
		};
		B6D351FEB6D3724A00000021 /* all.js */ = {
			isa = PBXAggregateTarget;
			buildConfigurationList = B6D351FEB6D3724A00000020 /* Build configuration list for PBXAggregateTarget "all.js" */;
			buildPhases = (
				B6D351FEB6D3724A00000022,
			);
			dependencies = (
				B6D351FEB6D3724A00000023 /* PBXTargetDependency min.js */,
				B6D351FEB6D3724A00000024 /* PBXTargetDependency Prep */,
			);
			name = all.js;
			productName = all.js;
		};
		B6D351FEB6D3724A00000026 /* all.js.gz */ = {
			isa = PBXAggregateTarget;
			buildConfigurationList = B6D351FEB6D3724A00000025 /* Build configuration list for PBXAggregateTarget "all.js.gz" */;
			buildPhases = (
				B6D351FEB6D3724A00000027,
			);
			dependencies = (
				B6D351FEB6D3724A00000028 /* PBXTargetDependency all.js */,
				B6D351FEB6D3724A00000029 /* PBXTargetDependency Prep */,
			);
			name = all.js.gz;
			productName = all.js.gz;
		};
		B6D351FEB6D3724A0000002B /* patchVersion */ = {
			isa = PBXAggregateTarget;
			buildConfigurationList = B6D351FEB6D3724A0000002A /* Build configuration list for PBXAggregateTarget "patchVersion" */;
			buildPhases = (
				B6D351FEB6D3724A0000002C,
			);
			dependencies = (
				B6D351FEB6D3724A0000002D /* PBXTargetDependency Prep */,
			);
			name = patchVersion;
			productName = patchVersion;
		};
		B6D351FEB6D3724A0000002F /* All */ = {
			isa = PBXAggregateTarget;
			buildConfigurationList = B6D351FEB6D3724A0000002E /* Build configuration list for PBXAggregateTarget "All" */;
			buildPhases = (
				
			);
			dependencies = (
				B6D351FEB6D3724A00000030 /* PBXTargetDependency comp */,
				B6D351FEB6D3724A00000031 /* PBXTargetDependency all.min.css */,
				B6D351FEB6D3724A00000032 /* PBXTargetDependency all.min.css.gz */,
				B6D351FEB6D3724A00000033 /* PBXTargetDependency min.html */,
				B6D351FEB6D3724A00000034 /* PBXTargetDependency html.js */,
				B6D351FEB6D3724A00000035 /* PBXTargetDependency min.js */,
				B6D351FEB6D3724A00000036 /* PBXTargetDependency all.js */,
				B6D351FEB6D3724A00000037 /* PBXTargetDependency all.js.gz */,
				B6D351FEB6D3724A00000038 /* PBXTargetDependency patchVersion */,
			);
			name = All;
			productName = All;
		};
		B6D351FEB6D3724A0000003A /* Prep */ = {
			isa = PBXAggregateTarget;
			buildConfigurationList = B6D351FEB6D3724A00000039 /* Build configuration list for PBXAggregateTarget "Prep" */;
			buildPhases = (
				B6D351FEB6D3724A0000003B,
			);
			dependencies = (
			);
			name = Prep;
			productName = Prep;
		};
/* End PBXAggregateTarget section */

/* Begin PBXBuildFile section */
/* End PBXBuildFile section */

/* Begin PBXContainerItemProxy section */
		B6D351FEB6D3724A0000003C /* PBXContainerItemProxy Prep from comp */ = {
			isa = PBXContainerItemProxy;
			containerPortal = B6D351FEB6D3724A00000001 /* Project object */;
			proxyType = 1;
			remoteGlobalIDString = B6D351FEB6D3724A0000003A;
			remoteInfo = Prep;
		};
		B6D351FEB6D3724A0000003D /* PBXContainerItemProxy Prep from all.min.css */ = {
			isa = PBXContainerItemProxy;
			containerPortal = B6D351FEB6D3724A00000001 /* Project object */;
			proxyType = 1;
			remoteGlobalIDString = B6D351FEB6D3724A0000003A;
			remoteInfo = Prep;
		};
		B6D351FEB6D3724A0000003E /* PBXContainerItemProxy Prep from all.min.css.gz */ = {
			isa = PBXContainerItemProxy;
			containerPortal = B6D351FEB6D3724A00000001 /* Project object */;
			proxyType = 1;
			remoteGlobalIDString = B6D351FEB6D3724A0000003A;
			remoteInfo = Prep;
		};
		B6D351FEB6D3724A0000003F /* PBXContainerItemProxy all.min.css from all.min.css.gz */ = {
			isa = PBXContainerItemProxy;
			containerPortal = B6D351FEB6D3724A00000001 /* Project object */;
			proxyType = 1;
			remoteGlobalIDString = B6D351FEB6D3724A0000000A;
			remoteInfo = all.min.css;
		};
		B6D351FEB6D3724A00000040 /* PBXContainerItemProxy Prep from min.html */ = {
			isa = PBXContainerItemProxy;
			containerPortal = B6D351FEB6D3724A00000001 /* Project object */;
			proxyType = 1;
			remoteGlobalIDString = B6D351FEB6D3724A0000003A;
			remoteInfo = Prep;
		};
		B6D351FEB6D3724A00000041 /* PBXContainerItemProxy Prep from html.js */ = {
			isa = PBXContainerItemProxy;
			containerPortal = B6D351FEB6D3724A00000001 /* Project object */;
			proxyType = 1;
			remoteGlobalIDString = B6D351FEB6D3724A0000003A;
			remoteInfo = Prep;
		};
		B6D351FEB6D3724A00000042 /* PBXContainerItemProxy min.html from html.js */ = {
			isa = PBXContainerItemProxy;
			containerPortal = B6D351FEB6D3724A00000001 /* Project object */;
			proxyType = 1;
			remoteGlobalIDString = B6D351FEB6D3724A00000013;
			remoteInfo = min.html;
		};
		B6D351FEB6D3724A00000043 /* PBXContainerItemProxy Prep from min.js */ = {
			isa = PBXContainerItemProxy;
			containerPortal = B6D351FEB6D3724A00000001 /* Project object */;
			proxyType = 1;
			remoteGlobalIDString = B6D351FEB6D3724A0000003A;
			remoteInfo = Prep;
		};
		B6D351FEB6D3724A00000044 /* PBXContainerItemProxy min.html from min.js */ = {
			isa = PBXContainerItemProxy;
			containerPortal = B6D351FEB6D3724A00000001 /* Project object */;
			proxyType = 1;
			remoteGlobalIDString = B6D351FEB6D3724A00000013;
			remoteInfo = min.html;
		};
		B6D351FEB6D3724A00000045 /* PBXContainerItemProxy html.js from min.js */ = {
			isa = PBXContainerItemProxy;
			containerPortal = B6D351FEB6D3724A00000001 /* Project object */;
			proxyType = 1;
			remoteGlobalIDString = B6D351FEB6D3724A00000017;
			remoteInfo = html.js;
		};
		B6D351FEB6D3724A00000046 /* PBXContainerItemProxy Prep from all.js */ = {
			isa = PBXContainerItemProxy;
			containerPortal = B6D351FEB6D3724A00000001 /* Project object */;
			proxyType = 1;
			remoteGlobalIDString = B6D351FEB6D3724A0000003A;
			remoteInfo = Prep;
		};
		B6D351FEB6D3724A00000047 /* PBXContainerItemProxy min.html from all.js */ = {
			isa = PBXContainerItemProxy;
			containerPortal = B6D351FEB6D3724A00000001 /* Project object */;
			proxyType = 1;
			remoteGlobalIDString = B6D351FEB6D3724A00000013;
			remoteInfo = min.html;
		};
		B6D351FEB6D3724A00000048 /* PBXContainerItemProxy html.js from all.js */ = {
			isa = PBXContainerItemProxy;
			containerPortal = B6D351FEB6D3724A00000001 /* Project object */;
			proxyType = 1;
			remoteGlobalIDString = B6D351FEB6D3724A00000017;
			remoteInfo = html.js;
		};
		B6D351FEB6D3724A00000049 /* PBXContainerItemProxy min.js from all.js */ = {
			isa = PBXContainerItemProxy;
			containerPortal = B6D351FEB6D3724A00000001 /* Project object */;
			proxyType = 1;
			remoteGlobalIDString = B6D351FEB6D3724A0000001C;
			remoteInfo = min.js;
		};
		B6D351FEB6D3724A0000004A /* PBXContainerItemProxy Prep from all.js.gz */ = {
			isa = PBXContainerItemProxy;
			containerPortal = B6D351FEB6D3724A00000001 /* Project object */;
			proxyType = 1;
			remoteGlobalIDString = B6D351FEB6D3724A0000003A;
			remoteInfo = Prep;
		};
		B6D351FEB6D3724A0000004B /* PBXContainerItemProxy min.html from all.js.gz */ = {
			isa = PBXContainerItemProxy;
			containerPortal = B6D351FEB6D3724A00000001 /* Project object */;
			proxyType = 1;
			remoteGlobalIDString = B6D351FEB6D3724A00000013;
			remoteInfo = min.html;
		};
		B6D351FEB6D3724A0000004C /* PBXContainerItemProxy html.js from all.js.gz */ = {
			isa = PBXContainerItemProxy;
			containerPortal = B6D351FEB6D3724A00000001 /* Project object */;
			proxyType = 1;
			remoteGlobalIDString = B6D351FEB6D3724A00000017;
			remoteInfo = html.js;
		};
		B6D351FEB6D3724A0000004D /* PBXContainerItemProxy min.js from all.js.gz */ = {
			isa = PBXContainerItemProxy;
			containerPortal = B6D351FEB6D3724A00000001 /* Project object */;
			proxyType = 1;
			remoteGlobalIDString = B6D351FEB6D3724A0000001C;
			remoteInfo = min.js;
		};
		B6D351FEB6D3724A0000004E /* PBXContainerItemProxy all.js from all.js.gz */ = {
			isa = PBXContainerItemProxy;
			containerPortal = B6D351FEB6D3724A00000001 /* Project object */;
			proxyType = 1;
			remoteGlobalIDString = B6D351FEB6D3724A00000021;
			remoteInfo = all.js;
		};
		B6D351FEB6D3724A0000004F /* PBXContainerItemProxy Prep from patchVersion */ = {
			isa = PBXContainerItemProxy;
			containerPortal = B6D351FEB6D3724A00000001 /* Project object */;
			proxyType = 1;
			remoteGlobalIDString = B6D351FEB6D3724A0000003A;
			remoteInfo = Prep;
		};
		B6D351FEB6D3724A00000050 /* PBXContainerItemProxy Prep from All */ = {
			isa = PBXContainerItemProxy;
			containerPortal = B6D351FEB6D3724A00000001 /* Project object */;
			proxyType = 1;
			remoteGlobalIDString = B6D351FEB6D3724A0000003A;
			remoteInfo = Prep;
		};
		B6D351FEB6D3724A00000051 /* PBXContainerItemProxy comp from All */ = {
			isa = PBXContainerItemProxy;
			containerPortal = B6D351FEB6D3724A00000001 /* Project object */;
			proxyType = 1;
			remoteGlobalIDString = B6D351FEB6D3724A00000006;
			remoteInfo = comp;
		};
		B6D351FEB6D3724A00000052 /* PBXContainerItemProxy all.min.css from All */ = {
			isa = PBXContainerItemProxy;
			containerPortal = B6D351FEB6D3724A00000001 /* Project object */;
			proxyType = 1;
			remoteGlobalIDString = B6D351FEB6D3724A0000000A;
			remoteInfo = all.min.css;
		};
		B6D351FEB6D3724A00000053 /* PBXContainerItemProxy all.min.css.gz from All */ = {
			isa = PBXContainerItemProxy;
			containerPortal = B6D351FEB6D3724A00000001 /* Project object */;
			proxyType = 1;
			remoteGlobalIDString = B6D351FEB6D3724A0000000E;
			remoteInfo = all.min.css.gz;
		};
		B6D351FEB6D3724A00000054 /* PBXContainerItemProxy min.html from All */ = {
			isa = PBXContainerItemProxy;
			containerPortal = B6D351FEB6D3724A00000001 /* Project object */;
			proxyType = 1;
			remoteGlobalIDString = B6D351FEB6D3724A00000013;
			remoteInfo = min.html;
		};
		B6D351FEB6D3724A00000055 /* PBXContainerItemProxy html.js from All */ = {
			isa = PBXContainerItemProxy;
			containerPortal = B6D351FEB6D3724A00000001 /* Project object */;
			proxyType = 1;
			remoteGlobalIDString = B6D351FEB6D3724A00000017;
			remoteInfo = html.js;
		};
		B6D351FEB6D3724A00000056 /* PBXContainerItemProxy min.js from All */ = {
			isa = PBXContainerItemProxy;
			containerPortal = B6D351FEB6D3724A00000001 /* Project object */;
			proxyType = 1;
			remoteGlobalIDString = B6D351FEB6D3724A0000001C;
			remoteInfo = min.js;
		};
		B6D351FEB6D3724A00000057 /* PBXContainerItemProxy all.js from All */ = {
			isa = PBXContainerItemProxy;
			containerPortal = B6D351FEB6D3724A00000001 /* Project object */;
			proxyType = 1;
			remoteGlobalIDString = B6D351FEB6D3724A00000021;
			remoteInfo = all.js;
		};
		B6D351FEB6D3724A00000058 /* PBXContainerItemProxy all.js.gz from All */ = {
			isa = PBXContainerItemProxy;
			containerPortal = B6D351FEB6D3724A00000001 /* Project object */;
			proxyType = 1;
			remoteGlobalIDString = B6D351FEB6D3724A00000026;
			remoteInfo = all.js.gz;
		};
		B6D351FEB6D3724A00000059 /* PBXContainerItemProxy patchVersion from All */ = {
			isa = PBXContainerItemProxy;
			containerPortal = B6D351FEB6D3724A00000001 /* Project object */;
			proxyType = 1;
			remoteGlobalIDString = B6D351FEB6D3724A0000002B;
			remoteInfo = patchVersion;
		};
/* End PBXContainerItemProxy section */

/* Begin PBXFileReference section */
/* End PBXFileReference section */

/* Begin PBXFrameworksBuildPhase section */
/* End PBXFrameworksBuildPhase section */

/* Begin PBXGroup section */
		B6D351FEB6D3724A0000005A /* Top Group */ = {
            isa = PBXGroup;
            children = (
				B6D351FEB6D3724A0000005B /* Products */,
			);
            sourceTree = "<group>";
        };
		B6D351FEB6D3724A0000005B /* Products */ = {
            isa = PBXGroup;
            children = (
			);
            name = "Products";
            path = ..;
            sourceTree = SOURCE_ROOT;
        };
/* End PBXGroup section */

/* Begin PBXNativeTarget section */
/* End PBXNativeTarget section */

/* Begin PBXShellScriptBuildPhase section */
		B6D351FEB6D3724A0000003B /* ShellScript for Prep */ = {
			isa = PBXShellScriptBuildPhase;
			buildActionMask = 2147483647;
			files = (
			);
			inputPaths = (

			);
			outputPaths = (

			);
			runOnlyForDeploymentPostprocessing = 0;
			shellPath = /bin/bash;
			shellScript = "PATH=$PATH:/usr/local/bin
[ ! -x ${INC_DIR} ] && mkdir -p ${INC_DIR} ${OBJ_DIR} ${LIB_DIR} ${BIN_DIR}
[ ! -f ${INC_DIR}/bit.h ] && cp kick-macosx-static-bit.h ${INC_DIR}/bit.h
[ ! -f ${INC_DIR}/bitos.h ] && cp ${SRC_DIR}/src/bitos.h ${INC_DIR}/bitos.h
if ! diff ${INC_DIR}/bit.h kick-macosx-static-bit.h >/dev/null ; then
cp kick-macosx-static-bit.h ${INC_DIR}/bit.h
fi";
		};
/* End PBXShellScriptBuildPhase section */

/* Begin PBXProject section */
		B6D351FEB6D3724A00000001 /* Project object */ = {
			isa = PBXProject;
			attributes = {
				LastUpgradeCheck = 0430;
				ORGANIZATIONNAME = "Embedthis";
			};
			buildConfigurationList = B6D351FEB6D3724A00000002 /* Build configuration list for PBXProject "kick" */;
			compatibilityVersion = "Xcode 3.2";
			developmentRegion = English;
			hasScannedForEncodings = 0;
			knownRegions = (
				en,
			);
			mainGroup = B6D351FEB6D3724A0000005A;
			productRefGroup = B6D351FEB6D3724A0000005B /* Products */;
			projectDirPath = "";
			projectRoot = "";
			targets = (
				B6D351FEB6D3724A0000002F /* All */,
				B6D351FEB6D3724A0000003A /* Prep */,
				B6D351FEB6D3724A00000021 /* all.js */,
				B6D351FEB6D3724A00000026 /* all.js.gz */,
				B6D351FEB6D3724A0000000A /* all.min.css */,
				B6D351FEB6D3724A0000000E /* all.min.css.gz */,
				B6D351FEB6D3724A00000006 /* comp */,
				B6D351FEB6D3724A00000017 /* html.js */,
				B6D351FEB6D3724A00000013 /* min.html */,
				B6D351FEB6D3724A0000001C /* min.js */,
				B6D351FEB6D3724A0000002B /* patchVersion */,
			);
		};
/* End PBXProject section */

/* Begin PBXSourcesBuildPhase section */
/* End PBXSourcesBuildPhase section */

/* Begin PBXTargetDependency section */
		B6D351FEB6D3724A00000008 /* PBXTargetDependency comp depends on Prep */ = {
			isa = PBXTargetDependency;
			target = B6D351FEB6D3724A0000003A /* Prep */;
			targetProxy = B6D351FEB6D3724A0000003C /* PBXContainerItemProxy */;
		};
		B6D351FEB6D3724A0000000C /* PBXTargetDependency all.min.css depends on Prep */ = {
			isa = PBXTargetDependency;
			target = B6D351FEB6D3724A0000003A /* Prep */;
			targetProxy = B6D351FEB6D3724A0000003D /* PBXContainerItemProxy */;
		};
		B6D351FEB6D3724A00000011 /* PBXTargetDependency all.min.css.gz depends on Prep */ = {
			isa = PBXTargetDependency;
			target = B6D351FEB6D3724A0000003A /* Prep */;
			targetProxy = B6D351FEB6D3724A0000003E /* PBXContainerItemProxy */;
		};
		B6D351FEB6D3724A00000010 /* PBXTargetDependency all.min.css.gz depends on all.min.css */ = {
			isa = PBXTargetDependency;
			target = B6D351FEB6D3724A0000000A /* all.min.css */;
			targetProxy = B6D351FEB6D3724A0000003F /* PBXContainerItemProxy */;
		};
		B6D351FEB6D3724A00000015 /* PBXTargetDependency min.html depends on Prep */ = {
			isa = PBXTargetDependency;
			target = B6D351FEB6D3724A0000003A /* Prep */;
			targetProxy = B6D351FEB6D3724A00000040 /* PBXContainerItemProxy */;
		};
		B6D351FEB6D3724A0000001A /* PBXTargetDependency html.js depends on Prep */ = {
			isa = PBXTargetDependency;
			target = B6D351FEB6D3724A0000003A /* Prep */;
			targetProxy = B6D351FEB6D3724A00000041 /* PBXContainerItemProxy */;
		};
		B6D351FEB6D3724A00000019 /* PBXTargetDependency html.js depends on min.html */ = {
			isa = PBXTargetDependency;
			target = B6D351FEB6D3724A00000013 /* min.html */;
			targetProxy = B6D351FEB6D3724A00000042 /* PBXContainerItemProxy */;
		};
		B6D351FEB6D3724A0000001F /* PBXTargetDependency min.js depends on Prep */ = {
			isa = PBXTargetDependency;
			target = B6D351FEB6D3724A0000003A /* Prep */;
			targetProxy = B6D351FEB6D3724A00000043 /* PBXContainerItemProxy */;
		};
		B6D351FEB6D3724A0000005C /* PBXTargetDependency min.js depends on min.html */ = {
			isa = PBXTargetDependency;
			target = B6D351FEB6D3724A00000013 /* min.html */;
			targetProxy = B6D351FEB6D3724A00000044 /* PBXContainerItemProxy */;
		};
		B6D351FEB6D3724A0000001E /* PBXTargetDependency min.js depends on html.js */ = {
			isa = PBXTargetDependency;
			target = B6D351FEB6D3724A00000017 /* html.js */;
			targetProxy = B6D351FEB6D3724A00000045 /* PBXContainerItemProxy */;
		};
		B6D351FEB6D3724A00000024 /* PBXTargetDependency all.js depends on Prep */ = {
			isa = PBXTargetDependency;
			target = B6D351FEB6D3724A0000003A /* Prep */;
			targetProxy = B6D351FEB6D3724A00000046 /* PBXContainerItemProxy */;
		};
		B6D351FEB6D3724A0000005D /* PBXTargetDependency all.js depends on min.html */ = {
			isa = PBXTargetDependency;
			target = B6D351FEB6D3724A00000013 /* min.html */;
			targetProxy = B6D351FEB6D3724A00000047 /* PBXContainerItemProxy */;
		};
		B6D351FEB6D3724A0000005E /* PBXTargetDependency all.js depends on html.js */ = {
			isa = PBXTargetDependency;
			target = B6D351FEB6D3724A00000017 /* html.js */;
			targetProxy = B6D351FEB6D3724A00000048 /* PBXContainerItemProxy */;
		};
		B6D351FEB6D3724A00000023 /* PBXTargetDependency all.js depends on min.js */ = {
			isa = PBXTargetDependency;
			target = B6D351FEB6D3724A0000001C /* min.js */;
			targetProxy = B6D351FEB6D3724A00000049 /* PBXContainerItemProxy */;
		};
		B6D351FEB6D3724A00000029 /* PBXTargetDependency all.js.gz depends on Prep */ = {
			isa = PBXTargetDependency;
			target = B6D351FEB6D3724A0000003A /* Prep */;
			targetProxy = B6D351FEB6D3724A0000004A /* PBXContainerItemProxy */;
		};
		B6D351FEB6D3724A0000005F /* PBXTargetDependency all.js.gz depends on min.html */ = {
			isa = PBXTargetDependency;
			target = B6D351FEB6D3724A00000013 /* min.html */;
			targetProxy = B6D351FEB6D3724A0000004B /* PBXContainerItemProxy */;
		};
		B6D351FEB6D3724A00000060 /* PBXTargetDependency all.js.gz depends on html.js */ = {
			isa = PBXTargetDependency;
			target = B6D351FEB6D3724A00000017 /* html.js */;
			targetProxy = B6D351FEB6D3724A0000004C /* PBXContainerItemProxy */;
		};
		B6D351FEB6D3724A00000061 /* PBXTargetDependency all.js.gz depends on min.js */ = {
			isa = PBXTargetDependency;
			target = B6D351FEB6D3724A0000001C /* min.js */;
			targetProxy = B6D351FEB6D3724A0000004D /* PBXContainerItemProxy */;
		};
		B6D351FEB6D3724A00000028 /* PBXTargetDependency all.js.gz depends on all.js */ = {
			isa = PBXTargetDependency;
			target = B6D351FEB6D3724A00000021 /* all.js */;
			targetProxy = B6D351FEB6D3724A0000004E /* PBXContainerItemProxy */;
		};
		B6D351FEB6D3724A0000002D /* PBXTargetDependency patchVersion depends on Prep */ = {
			isa = PBXTargetDependency;
			target = B6D351FEB6D3724A0000003A /* Prep */;
			targetProxy = B6D351FEB6D3724A0000004F /* PBXContainerItemProxy */;
		};
		B6D351FEB6D3724A00000062 /* PBXTargetDependency All depends on Prep */ = {
			isa = PBXTargetDependency;
			target = B6D351FEB6D3724A0000003A /* Prep */;
			targetProxy = B6D351FEB6D3724A00000050 /* PBXContainerItemProxy */;
		};
		B6D351FEB6D3724A00000030 /* PBXTargetDependency All depends on comp */ = {
			isa = PBXTargetDependency;
			target = B6D351FEB6D3724A00000006 /* comp */;
			targetProxy = B6D351FEB6D3724A00000051 /* PBXContainerItemProxy */;
		};
		B6D351FEB6D3724A00000031 /* PBXTargetDependency All depends on all.min.css */ = {
			isa = PBXTargetDependency;
			target = B6D351FEB6D3724A0000000A /* all.min.css */;
			targetProxy = B6D351FEB6D3724A00000052 /* PBXContainerItemProxy */;
		};
		B6D351FEB6D3724A00000032 /* PBXTargetDependency All depends on all.min.css.gz */ = {
			isa = PBXTargetDependency;
			target = B6D351FEB6D3724A0000000E /* all.min.css.gz */;
			targetProxy = B6D351FEB6D3724A00000053 /* PBXContainerItemProxy */;
		};
		B6D351FEB6D3724A00000033 /* PBXTargetDependency All depends on min.html */ = {
			isa = PBXTargetDependency;
			target = B6D351FEB6D3724A00000013 /* min.html */;
			targetProxy = B6D351FEB6D3724A00000054 /* PBXContainerItemProxy */;
		};
		B6D351FEB6D3724A00000034 /* PBXTargetDependency All depends on html.js */ = {
			isa = PBXTargetDependency;
			target = B6D351FEB6D3724A00000017 /* html.js */;
			targetProxy = B6D351FEB6D3724A00000055 /* PBXContainerItemProxy */;
		};
		B6D351FEB6D3724A00000035 /* PBXTargetDependency All depends on min.js */ = {
			isa = PBXTargetDependency;
			target = B6D351FEB6D3724A0000001C /* min.js */;
			targetProxy = B6D351FEB6D3724A00000056 /* PBXContainerItemProxy */;
		};
		B6D351FEB6D3724A00000036 /* PBXTargetDependency All depends on all.js */ = {
			isa = PBXTargetDependency;
			target = B6D351FEB6D3724A00000021 /* all.js */;
			targetProxy = B6D351FEB6D3724A00000057 /* PBXContainerItemProxy */;
		};
		B6D351FEB6D3724A00000037 /* PBXTargetDependency All depends on all.js.gz */ = {
			isa = PBXTargetDependency;
			target = B6D351FEB6D3724A00000026 /* all.js.gz */;
			targetProxy = B6D351FEB6D3724A00000058 /* PBXContainerItemProxy */;
		};
		B6D351FEB6D3724A00000038 /* PBXTargetDependency All depends on patchVersion */ = {
			isa = PBXTargetDependency;
			target = B6D351FEB6D3724A0000002B /* patchVersion */;
			targetProxy = B6D351FEB6D3724A00000059 /* PBXContainerItemProxy */;
		};
/* End PBXTargetDependency section */

/* Begin XCBuildConfiguration section */
		B6D351FEB6D3724A00000003 /* Debug */ = {
			isa = XCBuildConfiguration;
			buildSettings = {

                /* Common Settings */
				ALWAYS_SEARCH_USER_PATHS = NO;
				ARCHS = "$(ARCHS_STANDARD_64_BIT)";
                CURRENT_PROJECT_VERSION = 1.0.0;
                DYLIB_COMPATIBILITY_VERSION = "$(CURRENT_PROJECT_VERSION)";
                DYLIB_CURRENT_VERSION = "$(CURRENT_PROJECT_VERSION)";
				GCC_C_LANGUAGE_STANDARD = gnu99;
				GCC_VERSION = com.apple.compilers.llvm.clang.1_0;
				GCC_WARN_ABOUT_RETURN_TYPE = YES;
                LD_DYLIB_INSTALL_NAME = "@rpath/$(EXECUTABLE_PATH)";
				MACOSX_DEPLOYMENT_TARGET = 10.7;
				SDKROOT = macosx;

                OUT_DIR = "../macosx-x64-static";
                BIN_DIR = "../macosx-x64-static/bin";
                LIB_DIR = "../macosx-x64-static/bin";
                INC_DIR = "../macosx-x64-static/inc";
                OBJ_DIR = "../macosx-x64-static/obj";
                SRC_DIR = "..";

                CONFIGURATION_TEMP_DIR = "$(OBJ_DIR)/tmp/$(CONFIGURATION)";
                CONFIGURATION_BUILD_DIR = "$(BIN_DIR)";
                INSTALL_PATH = "/usr/lib/kick";
                DSTROOT = "/tmp/kick.dst";
                OBJROOT = "$(OBJ_DIR)";
                SYMROOT = "$(BIN_DIR)";
				GCC_WARN_64_TO_32_BIT_CONVERSION = YES;
				GCC_WARN_64_TO_32_BIT_CONVERSION = YES;
				GCC_WARN_UNUSED_VARIABLE = NO;
				GCC_WARN_UNUSED_FUNCTION = NO;
				GCC_WARN_UNUSED_LABEL = NO;
				GCC_WARN_64_TO_32_BIT_CONVERSION = YES;
				GCC_WARN_64_TO_32_BIT_CONVERSION = YES;
				GCC_WARN_UNUSED_VARIABLE = NO;
				GCC_WARN_UNUSED_FUNCTION = NO;
				GCC_WARN_UNUSED_LABEL = NO;

                /* Debug Settings */
				COPY_PHASE_STRIP = NO;
				GCC_OPTIMIZATION_LEVEL = 0;
				GCC_SYMBOLS_PRIVATE_EXTERN = NO;
				HEADER_SEARCH_PATHS = (
					"../macosx-x64-static/inc",
					"$(inherited)"
				);
				GCC_PREPROCESSOR_DEFINITIONS = (
					"BIT_DEBUG",
					"$(inherited)"
				);
				LIBRARY_SEARCH_PATHS = (
					"../macosx-x64-static/bin",
					"$(inherited)"
				);
				OTHER_LDFLAGS = (
					"-Wl,-rpath,@executable_path/",
					"-Wl,-rpath,@loader_path/",
					"-ldl",
					"-lpthread",
					"-lm",
					"$(inherited)"
				);

			};
			name = Debug;
		};
		B6D351FEB6D3724A00000004 /* Release */ = {
			isa = XCBuildConfiguration;
			buildSettings = {

                /* Common Settings */
				ALWAYS_SEARCH_USER_PATHS = NO;
				ARCHS = "$(ARCHS_STANDARD_64_BIT)";
                CURRENT_PROJECT_VERSION = 1.0.0;
                DYLIB_COMPATIBILITY_VERSION = "$(CURRENT_PROJECT_VERSION)";
                DYLIB_CURRENT_VERSION = "$(CURRENT_PROJECT_VERSION)";
				GCC_C_LANGUAGE_STANDARD = gnu99;
				GCC_VERSION = com.apple.compilers.llvm.clang.1_0;
				GCC_WARN_ABOUT_RETURN_TYPE = YES;
                LD_DYLIB_INSTALL_NAME = "@rpath/$(EXECUTABLE_PATH)";
				MACOSX_DEPLOYMENT_TARGET = 10.7;
				SDKROOT = macosx;

                OUT_DIR = "../macosx-x64-static";
                BIN_DIR = "../macosx-x64-static/bin";
                LIB_DIR = "../macosx-x64-static/bin";
                INC_DIR = "../macosx-x64-static/inc";
                OBJ_DIR = "../macosx-x64-static/obj";
                SRC_DIR = "..";

                CONFIGURATION_TEMP_DIR = "$(OBJ_DIR)/tmp/$(CONFIGURATION)";
                CONFIGURATION_BUILD_DIR = "$(BIN_DIR)";
                INSTALL_PATH = "/usr/lib/kick";
                DSTROOT = "/tmp/kick.dst";
                OBJROOT = "$(OBJ_DIR)";
                SYMROOT = "$(BIN_DIR)";
				GCC_WARN_64_TO_32_BIT_CONVERSION = YES;
				GCC_WARN_64_TO_32_BIT_CONVERSION = YES;
				GCC_WARN_UNUSED_VARIABLE = NO;
				GCC_WARN_UNUSED_FUNCTION = NO;
				GCC_WARN_UNUSED_LABEL = NO;
				GCC_WARN_64_TO_32_BIT_CONVERSION = YES;
				GCC_WARN_64_TO_32_BIT_CONVERSION = YES;
				GCC_WARN_UNUSED_VARIABLE = NO;
				GCC_WARN_UNUSED_FUNCTION = NO;
				GCC_WARN_UNUSED_LABEL = NO;

                /* Release Settings */
				COPY_PHASE_STRIP = YES;
				DEBUG_INFORMATION_FORMAT = "dwarf-with-dsym";
				GCC_OPTIMIZATION_LEVEL = s;
                GCC_WARN_UNINITIALIZED_AUTOS = NO;
				HEADER_SEARCH_PATHS = (
					"../macosx-x64-static/inc",
					"$(inherited)"
				);

				LIBRARY_SEARCH_PATHS = (
					"../macosx-x64-static/bin",
					"$(inherited)"
				);
				OTHER_LDFLAGS = (
					"-Wl,-rpath,@executable_path/",
					"-Wl,-rpath,@loader_path/",
					"-ldl",
					"-lpthread",
					"-lm",
					"$(inherited)"
				);

			};
			name = Release;
		};
		B6D351FEB6D3724A00000063 /* Debug */ = {
			isa = XCBuildConfiguration;
			buildSettings = {
				PRODUCT_NAME = comp;

				GCC_PREPROCESSOR_DEFINITIONS = (
					"BIT_DEBUG",
					"$(inherited)"
				);
				OTHER_LDFLAGS = ();

				MACH_O_TYPE = mh_execute;

			};
			name = Debug;
		};
		B6D351FEB6D3724A00000064 /* Release */ = {
			isa = XCBuildConfiguration;
			buildSettings = {
				PRODUCT_NAME = comp;

				OTHER_LDFLAGS = ();

				MACH_O_TYPE = mh_execute;

			};
			name = Release;
		};
		B6D351FEB6D3724A00000065 /* Debug */ = {
			isa = XCBuildConfiguration;
			buildSettings = {
				PRODUCT_NAME = all.min.css;

				GCC_PREPROCESSOR_DEFINITIONS = (
					"BIT_DEBUG",
					"$(inherited)"
				);
				OTHER_LDFLAGS = ();

				MACH_O_TYPE = mh_execute;

			};
			name = Debug;
		};
		B6D351FEB6D3724A00000066 /* Release */ = {
			isa = XCBuildConfiguration;
			buildSettings = {
				PRODUCT_NAME = all.min.css;

				OTHER_LDFLAGS = ();

				MACH_O_TYPE = mh_execute;

			};
			name = Release;
		};
		B6D351FEB6D3724A00000067 /* Debug */ = {
			isa = XCBuildConfiguration;
			buildSettings = {
				PRODUCT_NAME = all.min.css.gz;

				GCC_PREPROCESSOR_DEFINITIONS = (
					"BIT_DEBUG",
					"$(inherited)"
				);
				OTHER_LDFLAGS = ();

				MACH_O_TYPE = mh_execute;

			};
			name = Debug;
		};
		B6D351FEB6D3724A00000068 /* Release */ = {
			isa = XCBuildConfiguration;
			buildSettings = {
				PRODUCT_NAME = all.min.css.gz;

				OTHER_LDFLAGS = ();

				MACH_O_TYPE = mh_execute;

			};
			name = Release;
		};
		B6D351FEB6D3724A00000069 /* Debug */ = {
			isa = XCBuildConfiguration;
			buildSettings = {
				PRODUCT_NAME = min.html;

				GCC_PREPROCESSOR_DEFINITIONS = (
					"BIT_DEBUG",
					"$(inherited)"
				);
				OTHER_LDFLAGS = ();

				MACH_O_TYPE = mh_execute;

			};
			name = Debug;
		};
		B6D351FEB6D3724A0000006A /* Release */ = {
			isa = XCBuildConfiguration;
			buildSettings = {
				PRODUCT_NAME = min.html;

				OTHER_LDFLAGS = ();

				MACH_O_TYPE = mh_execute;

			};
			name = Release;
		};
		B6D351FEB6D3724A0000006B /* Debug */ = {
			isa = XCBuildConfiguration;
			buildSettings = {
				PRODUCT_NAME = html.js;

				GCC_PREPROCESSOR_DEFINITIONS = (
					"BIT_DEBUG",
					"$(inherited)"
				);
				OTHER_LDFLAGS = ();

				MACH_O_TYPE = mh_execute;

			};
			name = Debug;
		};
		B6D351FEB6D3724A0000006C /* Release */ = {
			isa = XCBuildConfiguration;
			buildSettings = {
				PRODUCT_NAME = html.js;

				OTHER_LDFLAGS = ();

				MACH_O_TYPE = mh_execute;

			};
			name = Release;
		};
		B6D351FEB6D3724A0000006D /* Debug */ = {
			isa = XCBuildConfiguration;
			buildSettings = {
				PRODUCT_NAME = min.js;

				GCC_PREPROCESSOR_DEFINITIONS = (
					"BIT_DEBUG",
					"$(inherited)"
				);
				OTHER_LDFLAGS = ();

				MACH_O_TYPE = mh_execute;

			};
			name = Debug;
		};
		B6D351FEB6D3724A0000006E /* Release */ = {
			isa = XCBuildConfiguration;
			buildSettings = {
				PRODUCT_NAME = min.js;

				OTHER_LDFLAGS = ();

				MACH_O_TYPE = mh_execute;

			};
			name = Release;
		};
		B6D351FEB6D3724A0000006F /* Debug */ = {
			isa = XCBuildConfiguration;
			buildSettings = {
				PRODUCT_NAME = all.js;

				GCC_PREPROCESSOR_DEFINITIONS = (
					"BIT_DEBUG",
					"$(inherited)"
				);
				OTHER_LDFLAGS = ();

				MACH_O_TYPE = mh_execute;

			};
			name = Debug;
		};
		B6D351FEB6D3724A00000070 /* Release */ = {
			isa = XCBuildConfiguration;
			buildSettings = {
				PRODUCT_NAME = all.js;

				OTHER_LDFLAGS = ();

				MACH_O_TYPE = mh_execute;

			};
			name = Release;
		};
		B6D351FEB6D3724A00000071 /* Debug */ = {
			isa = XCBuildConfiguration;
			buildSettings = {
				PRODUCT_NAME = all.js.gz;

				GCC_PREPROCESSOR_DEFINITIONS = (
					"BIT_DEBUG",
					"$(inherited)"
				);
				OTHER_LDFLAGS = ();

				MACH_O_TYPE = mh_execute;

			};
			name = Debug;
		};
		B6D351FEB6D3724A00000072 /* Release */ = {
			isa = XCBuildConfiguration;
			buildSettings = {
				PRODUCT_NAME = all.js.gz;

				OTHER_LDFLAGS = ();

				MACH_O_TYPE = mh_execute;

			};
			name = Release;
		};
		B6D351FEB6D3724A00000073 /* Debug */ = {
			isa = XCBuildConfiguration;
			buildSettings = {
				PRODUCT_NAME = patchVersion;

				GCC_PREPROCESSOR_DEFINITIONS = (
					"BIT_DEBUG",
					"$(inherited)"
				);
				OTHER_LDFLAGS = ();

				MACH_O_TYPE = mh_execute;

			};
			name = Debug;
		};
		B6D351FEB6D3724A00000074 /* Release */ = {
			isa = XCBuildConfiguration;
			buildSettings = {
				PRODUCT_NAME = patchVersion;

				OTHER_LDFLAGS = ();

				MACH_O_TYPE = mh_execute;

			};
			name = Release;
		};
		B6D351FEB6D3724A00000075 /* Debug */ = {
			isa = XCBuildConfiguration;
			buildSettings = {
				PRODUCT_NAME = All;

				GCC_PREPROCESSOR_DEFINITIONS = (
					"BIT_DEBUG",
					"$(inherited)"
				);
			};
			name = Debug;
		};
		B6D351FEB6D3724A00000076 /* Release */ = {
			isa = XCBuildConfiguration;
			buildSettings = {
				PRODUCT_NAME = All;


			};
			name = Release;
		};
		B6D351FEB6D3724A00000077 /* Debug */ = {
			isa = XCBuildConfiguration;
			buildSettings = {
				PRODUCT_NAME = Prep;

				GCC_PREPROCESSOR_DEFINITIONS = (
					"BIT_DEBUG",
					"$(inherited)"
				);
			};
			name = Debug;
		};
		B6D351FEB6D3724A00000078 /* Release */ = {
			isa = XCBuildConfiguration;
			buildSettings = {
				PRODUCT_NAME = Prep;


			};
			name = Release;
		};
/* End XCBuildConfiguration section */

/* Begin XCConfigurationList section */
		B6D351FEB6D3724A00000002 /* Build configuration list for PBXProject "kick" */ = {
			isa = XCConfigurationList;
			buildConfigurations = (
				B6D351FEB6D3724A00000003 /* Debug */,
				B6D351FEB6D3724A00000004 /* Release */,
			);
			defaultConfigurationIsVisible = 0;
			defaultConfigurationName = Release;
		};
		B6D351FEB6D3724A00000005 /* Build configuration list for PBXNativeTarget "comp" */ = {
			isa = XCConfigurationList;
			buildConfigurations = (
				B6D351FEB6D3724A00000063 /* Debug */,
				B6D351FEB6D3724A00000064 /* Release */,
			);
			defaultConfigurationIsVisible = 0;
			defaultConfigurationName = Release;
		};
		B6D351FEB6D3724A00000009 /* Build configuration list for PBXNativeTarget "all.min.css" */ = {
			isa = XCConfigurationList;
			buildConfigurations = (
				B6D351FEB6D3724A00000065 /* Debug */,
				B6D351FEB6D3724A00000066 /* Release */,
			);
			defaultConfigurationIsVisible = 0;
			defaultConfigurationName = Release;
		};
		B6D351FEB6D3724A0000000D /* Build configuration list for PBXNativeTarget "all.min.css.gz" */ = {
			isa = XCConfigurationList;
			buildConfigurations = (
				B6D351FEB6D3724A00000067 /* Debug */,
				B6D351FEB6D3724A00000068 /* Release */,
			);
			defaultConfigurationIsVisible = 0;
			defaultConfigurationName = Release;
		};
		B6D351FEB6D3724A00000012 /* Build configuration list for PBXNativeTarget "min.html" */ = {
			isa = XCConfigurationList;
			buildConfigurations = (
				B6D351FEB6D3724A00000069 /* Debug */,
				B6D351FEB6D3724A0000006A /* Release */,
			);
			defaultConfigurationIsVisible = 0;
			defaultConfigurationName = Release;
		};
		B6D351FEB6D3724A00000016 /* Build configuration list for PBXNativeTarget "html.js" */ = {
			isa = XCConfigurationList;
			buildConfigurations = (
				B6D351FEB6D3724A0000006B /* Debug */,
				B6D351FEB6D3724A0000006C /* Release */,
			);
			defaultConfigurationIsVisible = 0;
			defaultConfigurationName = Release;
		};
		B6D351FEB6D3724A0000001B /* Build configuration list for PBXNativeTarget "min.js" */ = {
			isa = XCConfigurationList;
			buildConfigurations = (
				B6D351FEB6D3724A0000006D /* Debug */,
				B6D351FEB6D3724A0000006E /* Release */,
			);
			defaultConfigurationIsVisible = 0;
			defaultConfigurationName = Release;
		};
		B6D351FEB6D3724A00000020 /* Build configuration list for PBXNativeTarget "all.js" */ = {
			isa = XCConfigurationList;
			buildConfigurations = (
				B6D351FEB6D3724A0000006F /* Debug */,
				B6D351FEB6D3724A00000070 /* Release */,
			);
			defaultConfigurationIsVisible = 0;
			defaultConfigurationName = Release;
		};
		B6D351FEB6D3724A00000025 /* Build configuration list for PBXNativeTarget "all.js.gz" */ = {
			isa = XCConfigurationList;
			buildConfigurations = (
				B6D351FEB6D3724A00000071 /* Debug */,
				B6D351FEB6D3724A00000072 /* Release */,
			);
			defaultConfigurationIsVisible = 0;
			defaultConfigurationName = Release;
		};
		B6D351FEB6D3724A0000002A /* Build configuration list for PBXNativeTarget "patchVersion" */ = {
			isa = XCConfigurationList;
			buildConfigurations = (
				B6D351FEB6D3724A00000073 /* Debug */,
				B6D351FEB6D3724A00000074 /* Release */,
			);
			defaultConfigurationIsVisible = 0;
			defaultConfigurationName = Release;
		};
		B6D351FEB6D3724A0000002E /* Build configuration list for PBXNativeTarget "All" */ = {
			isa = XCConfigurationList;
			buildConfigurations = (
				B6D351FEB6D3724A00000075 /* Debug */,
				B6D351FEB6D3724A00000076 /* Release */,
			);
			defaultConfigurationIsVisible = 0;
			defaultConfigurationName = Release;
		};
		B6D351FEB6D3724A00000039 /* Build configuration list for PBXNativeTarget "Prep" */ = {
			isa = XCConfigurationList;
			buildConfigurations = (
				B6D351FEB6D3724A00000077 /* Debug */,
				B6D351FEB6D3724A00000078 /* Release */,
			);
			defaultConfigurationIsVisible = 0;
			defaultConfigurationName = Release;
		};
/* End XCConfigurationList section */
	};
	rootObject = B6D351FEB6D3724A00000001 /* Project object */;
}
